
Microsoft Visual Studio Solution File, Format Version 12.00
# Visual Studio 15
VisualStudioVersion = 15.0.28307.421
MinimumVisualStudioVersion = 10.0.40219.1
Project("{FAE04EC0-301F-11D3-BF4B-00C04F79EFBC}") = "ReadEnviromentVariable", "ReadEnviromentVariable\ReadEnviromentVariable.csproj", "{AA84E409-97F2-4615-A43F-E9A388C13F5A}"
EndProject
Project("{FAE04EC0-301F-11D3-BF4B-00C04F79EFBC}") = "Reflection", "Reflection\Reflection.csproj", "{565923C3-04DF-49AD-AA9F-E482F89A2C37}"
EndProject
Global
	GlobalSection(SolutionConfigurationPlatforms) = preSolution
		Debug|Any CPU = Debug|Any CPU
		Release|Any CPU = Release|Any CPU
	EndGlobalSection
	GlobalSection(ProjectConfigurationPlatforms) = postSolution
		{AA84E409-97F2-4615-A43F-E9A388C13F5A}.Debug|Any CPU.ActiveCfg = Debug|Any CPU
		{AA84E409-97F2-4615-A43F-E9A388C13F5A}.Debug|Any CPU.Build.0 = Debug|Any CPU
		{AA84E409-97F2-4615-A43F-E9A388C13F5A}.Release|Any CPU.ActiveCfg = Release|Any CPU
		{AA84E409-97F2-4615-A43F-E9A388C13F5A}.Release|Any CPU.Build.0 = Release|Any CPU
		{565923C3-04DF-49AD-AA9F-E482F89A2C37}.Debug|Any CPU.ActiveCfg = Debug|Any CPU
		{565923C3-04DF-49AD-AA9F-E482F89A2C37}.Debug|Any CPU.Build.0 = Debug|Any CPU
		{565923C3-04DF-49AD-AA9F-E482F89A2C37}.Release|Any CPU.ActiveCfg = Release|Any CPU
		{565923C3-04DF-49AD-AA9F-E482F89A2C37}.Release|Any CPU.Build.0 = Release|Any CPU
	EndGlobalSection
	GlobalSection(SolutionProperties) = preSolution
		HideSolutionNode = FALSE
	EndGlobalSection
	GlobalSection(ExtensibilityGlobals) = postSolution
		SolutionGuid = {95E14E5B-70E7-4699-8C6A-6670E7AA828B}
	EndGlobalSection
EndGlobal
